
Microsoft Visual Studio Solution File, Format Version 12.00
# Visual Studio Version 16
VisualStudioVersion = 16.0.31829.152
MinimumVisualStudioVersion = 10.0.40219.1
Project("{9A19103F-16F7-4668-BE54-9A1E7A4F7556}") = "LoggingTools", "LoggingTools.csproj", "{7AFEFE23-A63E-4BEC-8D5E-AF8D59FACD33}"
EndProject
Global
	GlobalSection(SolutionConfigurationPlatforms) = preSolution
		Debug|Any CPU = Debug|Any CPU
		Release|Any CPU = Release|Any CPU
	EndGlobalSection
	GlobalSection(ProjectConfigurationPlatforms) = postSolution
		{7AFEFE23-A63E-4BEC-8D5E-AF8D59FACD33}.Debug|Any CPU.ActiveCfg = Debug|Any CPU
		{7AFEFE23-A63E-4BEC-8D5E-AF8D59FACD33}.Debug|Any CPU.Build.0 = Debug|Any CPU
		{7AFEFE23-A63E-4BEC-8D5E-AF8D59FACD33}.Release|Any CPU.ActiveCfg = Release|Any CPU
		{7AFEFE23-A63E-4BEC-8D5E-AF8D59FACD33}.Release|Any CPU.Build.0 = Release|Any CPU
	EndGlobalSection
	GlobalSection(SolutionProperties) = preSolution
		HideSolutionNode = FALSE
	EndGlobalSection
	GlobalSection(ExtensibilityGlobals) = postSolution
		SolutionGuid = {03A30B72-48E8-4B89-B660-0BA12318610A}
	EndGlobalSection
EndGlobal
